// !$*UTF8*$!
{
	archiveVersion = 1;
	classes = {
	};
	objectVersion = 46;
	objects = {

/* Begin PBXBuildFile section */
		0252B2DF142ADFC60018B75D /* SenTestingKit.framework in Frameworks */ = {isa = PBXBuildFile; fileRef = 0252B2DE142ADFC60018B75D /* SenTestingKit.framework */; };
		0252B2E0142ADFC60018B75D /* UIKit.framework in Frameworks */ = {isa = PBXBuildFile; fileRef = 0252B2C3142ADFC60018B75D /* UIKit.framework */; };
		0252B2E1142ADFC60018B75D /* Foundation.framework in Frameworks */ = {isa = PBXBuildFile; fileRef = 0252B2C5142ADFC60018B75D /* Foundation.framework */; };
		0252B2E2142ADFC60018B75D /* CoreGraphics.framework in Frameworks */ = {isa = PBXBuildFile; fileRef = 0252B2C7142ADFC60018B75D /* CoreGraphics.framework */; };
		0DEB8EB51467EC9B00024989 /* Foundation.framework in Frameworks */ = {isa = PBXBuildFile; fileRef = 0252B2C5142ADFC60018B75D /* Foundation.framework */; };
		0DEB8ECD1467ED9C00024989 /* BoundaryTests.m in Sources */ = {isa = PBXBuildFile; fileRef = 0DEB8EC61467ED9C00024989 /* BoundaryTests.m */; };
		0DEB8ECE1467ED9C00024989 /* DeepChildrenTests.m in Sources */ = {isa = PBXBuildFile; fileRef = 0DEB8EC71467ED9C00024989 /* DeepChildrenTests.m */; };
		0DEB8ECF1467ED9C00024989 /* DeepTests.m in Sources */ = {isa = PBXBuildFile; fileRef = 0DEB8EC81467ED9C00024989 /* DeepTests.m */; };
		0DEB8ED01467ED9C00024989 /* ErrorTests.m in Sources */ = {isa = PBXBuildFile; fileRef = 0DEB8EC91467ED9C00024989 /* ErrorTests.m */; };
		0DEB8ED11467ED9C00024989 /* SimpleTests.m in Sources */ = {isa = PBXBuildFile; fileRef = 0DEB8ECA1467ED9C00024989 /* SimpleTests.m */; };
		0DEB8ED21467ED9C00024989 /* TextConversionTests.m in Sources */ = {isa = PBXBuildFile; fileRef = 0DEB8ECB1467ED9C00024989 /* TextConversionTests.m */; };
		0DEB8ED31467ED9C00024989 /* WildcardTests.m in Sources */ = {isa = PBXBuildFile; fileRef = 0DEB8ECC1467ED9C00024989 /* WildcardTests.m */; };
		0DEB8EDB1467EE0A00024989 /* NSDataAdditions.h in Headers */ = {isa = PBXBuildFile; fileRef = 0DEB8ED41467EE0A00024989 /* NSDataAdditions.h */; };
		0DEB8EDC1467EE0A00024989 /* NSDataAdditions.m in Sources */ = {isa = PBXBuildFile; fileRef = 0DEB8ED51467EE0A00024989 /* NSDataAdditions.m */; };
		0DEB8EDD1467EE0A00024989 /* NSDataAdditions.m in Sources */ = {isa = PBXBuildFile; fileRef = 0DEB8ED51467EE0A00024989 /* NSDataAdditions.m */; };
		0DEB8EDE1467EE0A00024989 /* Library-Prefix.pch in Headers */ = {isa = PBXBuildFile; fileRef = 0DEB8ED61467EE0A00024989 /* Library-Prefix.pch */; };
		0DEB8EDF1467EE0A00024989 /* RXMLElement.h in Headers */ = {isa = PBXBuildFile; fileRef = 0DEB8ED71467EE0A00024989 /* RXMLElement.h */; };
		0DEB8EE01467EE0A00024989 /* RXMLElement.m in Sources */ = {isa = PBXBuildFile; fileRef = 0DEB8ED81467EE0A00024989 /* RXMLElement.m */; };
		0DEB8EE11467EE0A00024989 /* RXMLElement.m in Sources */ = {isa = PBXBuildFile; fileRef = 0DEB8ED81467EE0A00024989 /* RXMLElement.m */; };
		0DEB8EE21467EE0A00024989 /* TBXML.h in Headers */ = {isa = PBXBuildFile; fileRef = 0DEB8ED91467EE0A00024989 /* TBXML.h */; };
		0DEB8EE31467EE0A00024989 /* TBXML.m in Sources */ = {isa = PBXBuildFile; fileRef = 0DEB8EDA1467EE0A00024989 /* TBXML.m */; };
		0DEB8EE41467EE0A00024989 /* TBXML.m in Sources */ = {isa = PBXBuildFile; fileRef = 0DEB8EDA1467EE0A00024989 /* TBXML.m */; };
		0DEB8F2C14681A9400024989 /* libz.dylib in Frameworks */ = {isa = PBXBuildFile; fileRef = 0252B305142AE3FF0018B75D /* libz.dylib */; };
		0DEB8F2E14681BD800024989 /* players.xml in Resources */ = {isa = PBXBuildFile; fileRef = 0DEB8F2D14681BD800024989 /* players.xml */; };
/* End PBXBuildFile section */

/* Begin PBXContainerItemProxy section */
		0DEB8F291468198D00024989 /* PBXContainerItemProxy */ = {
			isa = PBXContainerItemProxy;
			containerPortal = 0252B2B6142ADFC60018B75D /* Project object */;
			proxyType = 1;
			remoteGlobalIDString = 0252B2DC142ADFC60018B75D;
			remoteInfo = RaptureXMLTests;
		};
/* End PBXContainerItemProxy section */

/* Begin PBXFileReference section */
		0252B2C3142ADFC60018B75D /* UIKit.framework */ = {isa = PBXFileReference; lastKnownFileType = wrapper.framework; name = UIKit.framework; path = System/Library/Frameworks/UIKit.framework; sourceTree = SDKROOT; };
		0252B2C5142ADFC60018B75D /* Foundation.framework */ = {isa = PBXFileReference; lastKnownFileType = wrapper.framework; name = Foundation.framework; path = System/Library/Frameworks/Foundation.framework; sourceTree = SDKROOT; };
		0252B2C7142ADFC60018B75D /* CoreGraphics.framework */ = {isa = PBXFileReference; lastKnownFileType = wrapper.framework; name = CoreGraphics.framework; path = System/Library/Frameworks/CoreGraphics.framework; sourceTree = SDKROOT; };
		0252B2DD142ADFC60018B75D /* RaptureXMLTests.octest */ = {isa = PBXFileReference; explicitFileType = wrapper.cfbundle; includeInIndex = 0; path = RaptureXMLTests.octest; sourceTree = BUILT_PRODUCTS_DIR; };
		0252B2DE142ADFC60018B75D /* SenTestingKit.framework */ = {isa = PBXFileReference; lastKnownFileType = wrapper.framework; name = SenTestingKit.framework; path = Library/Frameworks/SenTestingKit.framework; sourceTree = DEVELOPER_DIR; };
		0252B305142AE3FF0018B75D /* libz.dylib */ = {isa = PBXFileReference; lastKnownFileType = "compiled.mach-o.dylib"; name = libz.dylib; path = usr/lib/libz.dylib; sourceTree = SDKROOT; };
		0DEB8EB41467EC9B00024989 /* libRaptureXML.a */ = {isa = PBXFileReference; explicitFileType = archive.ar; includeInIndex = 0; path = libRaptureXML.a; sourceTree = BUILT_PRODUCTS_DIR; };
		0DEB8EC61467ED9C00024989 /* BoundaryTests.m */ = {isa = PBXFileReference; fileEncoding = 4; lastKnownFileType = sourcecode.c.objc; name = BoundaryTests.m; path = Tests/BoundaryTests.m; sourceTree = SOURCE_ROOT; };
		0DEB8EC71467ED9C00024989 /* DeepChildrenTests.m */ = {isa = PBXFileReference; fileEncoding = 4; lastKnownFileType = sourcecode.c.objc; name = DeepChildrenTests.m; path = Tests/DeepChildrenTests.m; sourceTree = SOURCE_ROOT; };
		0DEB8EC81467ED9C00024989 /* DeepTests.m */ = {isa = PBXFileReference; fileEncoding = 4; lastKnownFileType = sourcecode.c.objc; name = DeepTests.m; path = Tests/DeepTests.m; sourceTree = SOURCE_ROOT; };
		0DEB8EC91467ED9C00024989 /* ErrorTests.m */ = {isa = PBXFileReference; fileEncoding = 4; lastKnownFileType = sourcecode.c.objc; name = ErrorTests.m; path = Tests/ErrorTests.m; sourceTree = SOURCE_ROOT; };
		0DEB8ECA1467ED9C00024989 /* SimpleTests.m */ = {isa = PBXFileReference; fileEncoding = 4; lastKnownFileType = sourcecode.c.objc; name = SimpleTests.m; path = Tests/SimpleTests.m; sourceTree = SOURCE_ROOT; };
		0DEB8ECB1467ED9C00024989 /* TextConversionTests.m */ = {isa = PBXFileReference; fileEncoding = 4; lastKnownFileType = sourcecode.c.objc; name = TextConversionTests.m; path = Tests/TextConversionTests.m; sourceTree = SOURCE_ROOT; };
		0DEB8ECC1467ED9C00024989 /* WildcardTests.m */ = {isa = PBXFileReference; fileEncoding = 4; lastKnownFileType = sourcecode.c.objc; name = WildcardTests.m; path = Tests/WildcardTests.m; sourceTree = SOURCE_ROOT; };
		0DEB8ED41467EE0A00024989 /* NSDataAdditions.h */ = {isa = PBXFileReference; fileEncoding = 4; lastKnownFileType = sourcecode.c.h; name = NSDataAdditions.h; path = Library/NSDataAdditions.h; sourceTree = SOURCE_ROOT; };
		0DEB8ED51467EE0A00024989 /* NSDataAdditions.m */ = {isa = PBXFileReference; fileEncoding = 4; lastKnownFileType = sourcecode.c.objc; name = NSDataAdditions.m; path = Library/NSDataAdditions.m; sourceTree = SOURCE_ROOT; };
		0DEB8ED61467EE0A00024989 /* Library-Prefix.pch */ = {isa = PBXFileReference; fileEncoding = 4; lastKnownFileType = sourcecode.c.h; name = "Library-Prefix.pch"; path = "Library/Library-Prefix.pch"; sourceTree = SOURCE_ROOT; };
		0DEB8ED71467EE0A00024989 /* RXMLElement.h */ = {isa = PBXFileReference; fileEncoding = 4; lastKnownFileType = sourcecode.c.h; name = RXMLElement.h; path = Library/RXMLElement.h; sourceTree = SOURCE_ROOT; };
		0DEB8ED81467EE0A00024989 /* RXMLElement.m */ = {isa = PBXFileReference; fileEncoding = 4; lastKnownFileType = sourcecode.c.objc; name = RXMLElement.m; path = Library/RXMLElement.m; sourceTree = SOURCE_ROOT; };
		0DEB8ED91467EE0A00024989 /* TBXML.h */ = {isa = PBXFileReference; fileEncoding = 4; lastKnownFileType = sourcecode.c.h; name = TBXML.h; path = Library/TBXML.h; sourceTree = SOURCE_ROOT; };
		0DEB8EDA1467EE0A00024989 /* TBXML.m */ = {isa = PBXFileReference; fileEncoding = 4; lastKnownFileType = sourcecode.c.objc; name = TBXML.m; path = Library/TBXML.m; sourceTree = SOURCE_ROOT; };
		0DEB8F2B14681A0800024989 /* Tests-Prefix.pch */ = {isa = PBXFileReference; fileEncoding = 4; lastKnownFileType = sourcecode.c.h; name = "Tests-Prefix.pch"; path = "Tests/Tests-Prefix.pch"; sourceTree = SOURCE_ROOT; };
		0DEB8F2D14681BD800024989 /* players.xml */ = {isa = PBXFileReference; fileEncoding = 4; lastKnownFileType = text.xml; name = players.xml; path = Tests/players.xml; sourceTree = SOURCE_ROOT; };
/* End PBXFileReference section */

/* Begin PBXFrameworksBuildPhase section */
		0252B2D9142ADFC60018B75D /* Frameworks */ = {
			isa = PBXFrameworksBuildPhase;
			buildActionMask = 2147483647;
			files = (
				0DEB8F2C14681A9400024989 /* libz.dylib in Frameworks */,
				0252B2DF142ADFC60018B75D /* SenTestingKit.framework in Frameworks */,
				0252B2E0142ADFC60018B75D /* UIKit.framework in Frameworks */,
				0252B2E1142ADFC60018B75D /* Foundation.framework in Frameworks */,
				0252B2E2142ADFC60018B75D /* CoreGraphics.framework in Frameworks */,
			);
			runOnlyForDeploymentPostprocessing = 0;
		};
		0DEB8EB11467EC9B00024989 /* Frameworks */ = {
			isa = PBXFrameworksBuildPhase;
			buildActionMask = 2147483647;
			files = (
				0DEB8EB51467EC9B00024989 /* Foundation.framework in Frameworks */,
			);
			runOnlyForDeploymentPostprocessing = 0;
		};
/* End PBXFrameworksBuildPhase section */

/* Begin PBXGroup section */
		0252B2B4142ADFC60018B75D = {
			isa = PBXGroup;
			children = (
				0252B2F7142AE05B0018B75D /* Library */,
				0252B2E5142ADFC60018B75D /* Tests */,
				0252B2C2142ADFC60018B75D /* Frameworks */,
				0252B2C0142ADFC60018B75D /* Products */,
			);
			sourceTree = "<group>";
		};
		0252B2C0142ADFC60018B75D /* Products */ = {
			isa = PBXGroup;
			children = (
				0252B2DD142ADFC60018B75D /* RaptureXMLTests.octest */,
				0DEB8EB41467EC9B00024989 /* libRaptureXML.a */,
			);
			name = Products;
			sourceTree = "<group>";
		};
		0252B2C2142ADFC60018B75D /* Frameworks */ = {
			isa = PBXGroup;
			children = (
				0252B305142AE3FF0018B75D /* libz.dylib */,
				0252B2C3142ADFC60018B75D /* UIKit.framework */,
				0252B2C5142ADFC60018B75D /* Foundation.framework */,
				0252B2C7142ADFC60018B75D /* CoreGraphics.framework */,
				0252B2DE142ADFC60018B75D /* SenTestingKit.framework */,
			);
			name = Frameworks;
			sourceTree = "<group>";
		};
		0252B2E5142ADFC60018B75D /* Tests */ = {
			isa = PBXGroup;
			children = (
				0DEB8F2D14681BD800024989 /* players.xml */,
				0DEB8F2B14681A0800024989 /* Tests-Prefix.pch */,
				0DEB8EC61467ED9C00024989 /* BoundaryTests.m */,
				0DEB8EC71467ED9C00024989 /* DeepChildrenTests.m */,
				0DEB8EC81467ED9C00024989 /* DeepTests.m */,
				0DEB8EC91467ED9C00024989 /* ErrorTests.m */,
				0DEB8ECA1467ED9C00024989 /* SimpleTests.m */,
				0DEB8ECB1467ED9C00024989 /* TextConversionTests.m */,
				0DEB8ECC1467ED9C00024989 /* WildcardTests.m */,
			);
			name = Tests;
			path = RaptureXMLTests;
			sourceTree = "<group>";
		};
		0252B2F7142AE05B0018B75D /* Library */ = {
			isa = PBXGroup;
			children = (
				0DEB8ED61467EE0A00024989 /* Library-Prefix.pch */,
				0DEB8ED41467EE0A00024989 /* NSDataAdditions.h */,
				0DEB8ED51467EE0A00024989 /* NSDataAdditions.m */,
				0DEB8ED71467EE0A00024989 /* RXMLElement.h */,
				0DEB8ED81467EE0A00024989 /* RXMLElement.m */,
				0DEB8ED91467EE0A00024989 /* TBXML.h */,
				0DEB8EDA1467EE0A00024989 /* TBXML.m */,
			);
			name = Library;
			path = RaptureXML/RaptureXML;
			sourceTree = "<group>";
		};
/* End PBXGroup section */

/* Begin PBXHeadersBuildPhase section */
		0DEB8EB21467EC9B00024989 /* Headers */ = {
			isa = PBXHeadersBuildPhase;
			buildActionMask = 2147483647;
			files = (
				0DEB8EDB1467EE0A00024989 /* NSDataAdditions.h in Headers */,
				0DEB8EDE1467EE0A00024989 /* Library-Prefix.pch in Headers */,
				0DEB8EDF1467EE0A00024989 /* RXMLElement.h in Headers */,
				0DEB8EE21467EE0A00024989 /* TBXML.h in Headers */,
			);
			runOnlyForDeploymentPostprocessing = 0;
		};
/* End PBXHeadersBuildPhase section */

/* Begin PBXNativeTarget section */
		0252B2DC142ADFC60018B75D /* RaptureXMLTests */ = {
			isa = PBXNativeTarget;
			buildConfigurationList = 0252B2F4142ADFC70018B75D /* Build configuration list for PBXNativeTarget "RaptureXMLTests" */;
			buildPhases = (
				0252B2D8142ADFC60018B75D /* Sources */,
				0252B2D9142ADFC60018B75D /* Frameworks */,
				0252B2DA142ADFC60018B75D /* Resources */,
				0252B2DB142ADFC60018B75D /* ShellScript */,
			);
			buildRules = (
			);
			dependencies = (
			);
			name = RaptureXMLTests;
			productName = RaptureXMLTests;
			productReference = 0252B2DD142ADFC60018B75D /* RaptureXMLTests.octest */;
			productType = "com.apple.product-type.bundle";
		};
		0DEB8EB31467EC9B00024989 /* RaptureXML */ = {
			isa = PBXNativeTarget;
			buildConfigurationList = 0DEB8EBC1467EC9B00024989 /* Build configuration list for PBXNativeTarget "RaptureXML" */;
			buildPhases = (
				0DEB8EB01467EC9B00024989 /* Sources */,
				0DEB8EB11467EC9B00024989 /* Frameworks */,
				0DEB8EB21467EC9B00024989 /* Headers */,
			);
			buildRules = (
			);
			dependencies = (
				0DEB8F2A1468198D00024989 /* PBXTargetDependency */,
			);
			name = RaptureXML;
			productName = RaptureXML;
			productReference = 0DEB8EB41467EC9B00024989 /* libRaptureXML.a */;
			productType = "com.apple.product-type.library.static";
		};
/* End PBXNativeTarget section */

/* Begin PBXProject section */
		0252B2B6142ADFC60018B75D /* Project object */ = {
			isa = PBXProject;
			attributes = {
				LastUpgradeCheck = 0420;
				ORGANIZATIONNAME = "Rapture In Venice";
			};
			buildConfigurationList = 0252B2B9142ADFC60018B75D /* Build configuration list for PBXProject "RaptureXML" */;
			compatibilityVersion = "Xcode 3.2";
			developmentRegion = English;
			hasScannedForEncodings = 0;
			knownRegions = (
				en,
			);
			mainGroup = 0252B2B4142ADFC60018B75D;
			productRefGroup = 0252B2C0142ADFC60018B75D /* Products */;
			projectDirPath = "";
			projectRoot = "";
			targets = (
				0DEB8EB31467EC9B00024989 /* RaptureXML */,
				0252B2DC142ADFC60018B75D /* RaptureXMLTests */,
			);
		};
/* End PBXProject section */

/* Begin PBXResourcesBuildPhase section */
		0252B2DA142ADFC60018B75D /* Resources */ = {
			isa = PBXResourcesBuildPhase;
			buildActionMask = 2147483647;
			files = (
				0DEB8F2E14681BD800024989 /* players.xml in Resources */,
			);
			runOnlyForDeploymentPostprocessing = 0;
		};
/* End PBXResourcesBuildPhase section */

/* Begin PBXShellScriptBuildPhase section */
		0252B2DB142ADFC60018B75D /* ShellScript */ = {
			isa = PBXShellScriptBuildPhase;
			buildActionMask = 2147483647;
			files = (
			);
			inputPaths = (
			);
			outputPaths = (
			);
			runOnlyForDeploymentPostprocessing = 0;
			shellPath = /bin/sh;
			shellScript = "# Run the unit tests in this test bundle.\n\"${SYSTEM_DEVELOPER_DIR}/Tools/RunUnitTests\"\n";
		};
/* End PBXShellScriptBuildPhase section */

/* Begin PBXSourcesBuildPhase section */
		0252B2D8142ADFC60018B75D /* Sources */ = {
			isa = PBXSourcesBuildPhase;
			buildActionMask = 2147483647;
			files = (
				0DEB8ECD1467ED9C00024989 /* BoundaryTests.m in Sources */,
				0DEB8ECE1467ED9C00024989 /* DeepChildrenTests.m in Sources */,
				0DEB8ECF1467ED9C00024989 /* DeepTests.m in Sources */,
				0DEB8ED01467ED9C00024989 /* ErrorTests.m in Sources */,
				0DEB8ED11467ED9C00024989 /* SimpleTests.m in Sources */,
				0DEB8ED21467ED9C00024989 /* TextConversionTests.m in Sources */,
				0DEB8ED31467ED9C00024989 /* WildcardTests.m in Sources */,
				0DEB8EDD1467EE0A00024989 /* NSDataAdditions.m in Sources */,
				0DEB8EE11467EE0A00024989 /* RXMLElement.m in Sources */,
				0DEB8EE41467EE0A00024989 /* TBXML.m in Sources */,
			);
			runOnlyForDeploymentPostprocessing = 0;
		};
		0DEB8EB01467EC9B00024989 /* Sources */ = {
			isa = PBXSourcesBuildPhase;
			buildActionMask = 2147483647;
			files = (
				0DEB8EDC1467EE0A00024989 /* NSDataAdditions.m in Sources */,
				0DEB8EE01467EE0A00024989 /* RXMLElement.m in Sources */,
				0DEB8EE31467EE0A00024989 /* TBXML.m in Sources */,
			);
			runOnlyForDeploymentPostprocessing = 0;
		};
/* End PBXSourcesBuildPhase section */

/* Begin PBXTargetDependency section */
		0DEB8F2A1468198D00024989 /* PBXTargetDependency */ = {
			isa = PBXTargetDependency;
			target = 0252B2DC142ADFC60018B75D /* RaptureXMLTests */;
			targetProxy = 0DEB8F291468198D00024989 /* PBXContainerItemProxy */;
		};
/* End PBXTargetDependency section */

/* Begin XCBuildConfiguration section */
		0252B2EF142ADFC70018B75D /* Debug */ = {
			isa = XCBuildConfiguration;
			buildSettings = {
				ALWAYS_SEARCH_USER_PATHS = NO;
				ARCHS = "$(ARCHS_STANDARD_32_BIT)";
				"CODE_SIGN_IDENTITY[sdk=iphoneos*]" = "iPhone Developer";
				COPY_PHASE_STRIP = NO;
				GCC_C_LANGUAGE_STANDARD = gnu99;
				GCC_DYNAMIC_NO_PIC = NO;
				GCC_OPTIMIZATION_LEVEL = 0;
				GCC_PREPROCESSOR_DEFINITIONS = (
					"DEBUG=1",
					"$(inherited)",
				);
				GCC_SYMBOLS_PRIVATE_EXTERN = NO;
				GCC_VERSION = com.apple.compilers.llvm.clang.1_0;
				GCC_WARN_ABOUT_MISSING_PROTOTYPES = YES;
				GCC_WARN_ABOUT_RETURN_TYPE = YES;
				GCC_WARN_UNUSED_VARIABLE = YES;
				IPHONEOS_DEPLOYMENT_TARGET = 4.3;
				SDKROOT = iphoneos;
			};
			name = Debug;
		};
		0252B2F0142ADFC70018B75D /* Release */ = {
			isa = XCBuildConfiguration;
			buildSettings = {
				ALWAYS_SEARCH_USER_PATHS = NO;
				ARCHS = "$(ARCHS_STANDARD_32_BIT)";
				"CODE_SIGN_IDENTITY[sdk=iphoneos*]" = "iPhone Developer";
				COPY_PHASE_STRIP = YES;
				GCC_C_LANGUAGE_STANDARD = gnu99;
				GCC_VERSION = com.apple.compilers.llvm.clang.1_0;
				GCC_WARN_ABOUT_MISSING_PROTOTYPES = YES;
				GCC_WARN_ABOUT_RETURN_TYPE = YES;
				GCC_WARN_UNUSED_VARIABLE = YES;
				IPHONEOS_DEPLOYMENT_TARGET = 4.3;
				OTHER_CFLAGS = "-DNS_BLOCK_ASSERTIONS=1";
				SDKROOT = iphoneos;
				VALIDATE_PRODUCT = YES;
			};
			name = Release;
		};
		0252B2F5142ADFC70018B75D /* Debug */ = {
			isa = XCBuildConfiguration;
			buildSettings = {
				FRAMEWORK_SEARCH_PATHS = (
					"$(SDKROOT)/Developer/Library/Frameworks",
					"$(DEVELOPER_LIBRARY_DIR)/Frameworks",
				);
				GCC_PRECOMPILE_PREFIX_HEADER = YES;
				GCC_PREFIX_HEADER = "Tests/Tests-Prefix.pch";
				GCC_VERSION = com.apple.compilers.llvm.clang.1_0;
				PRODUCT_NAME = "$(TARGET_NAME)";
				TEST_AFTER_BUILD = YES;
				TEST_HOST = "$(BUNDLE_LOADER)";
				WRAPPER_EXTENSION = octest;
			};
			name = Debug;
		};
		0252B2F6142ADFC70018B75D /* Release */ = {
			isa = XCBuildConfiguration;
			buildSettings = {
				FRAMEWORK_SEARCH_PATHS = (
					"$(SDKROOT)/Developer/Library/Frameworks",
					"$(DEVELOPER_LIBRARY_DIR)/Frameworks",
				);
				GCC_PRECOMPILE_PREFIX_HEADER = YES;
				GCC_PREFIX_HEADER = "Tests/Tests-Prefix.pch";
				GCC_VERSION = com.apple.compilers.llvm.clang.1_0;
				PRODUCT_NAME = "$(TARGET_NAME)";
				TEST_AFTER_BUILD = YES;
				TEST_HOST = "$(BUNDLE_LOADER)";
				WRAPPER_EXTENSION = octest;
			};
			name = Release;
		};
		0DEB8EBD1467EC9B00024989 /* Debug */ = {
			isa = XCBuildConfiguration;
			buildSettings = {
				DSTROOT = /tmp/RaptureXML.dst;
				GCC_PRECOMPILE_PREFIX_HEADER = YES;
				GCC_PREFIX_HEADER = "Library/Library-Prefix.pch";
				GCC_VERSION = com.apple.compilers.llvm.clang.1_0;
				IPHONEOS_DEPLOYMENT_TARGET = 5.0;
				PRODUCT_NAME = "$(TARGET_NAME)";
				SKIP_INSTALL = YES;
			};
			name = Debug;
		};
		0DEB8EBE1467EC9B00024989 /* Release */ = {
			isa = XCBuildConfiguration;
			buildSettings = {
				DSTROOT = /tmp/RaptureXML.dst;
				GCC_PRECOMPILE_PREFIX_HEADER = YES;
				GCC_PREFIX_HEADER = "Library/Library-Prefix.pch";
				GCC_VERSION = com.apple.compilers.llvm.clang.1_0;
				IPHONEOS_DEPLOYMENT_TARGET = 5.0;
				PRODUCT_NAME = "$(TARGET_NAME)";
				SKIP_INSTALL = YES;
			};
			name = Release;
		};
/* End XCBuildConfiguration section */

/* Begin XCConfigurationList section */
		0252B2B9142ADFC60018B75D /* Build configuration list for PBXProject "RaptureXML" */ = {
			isa = XCConfigurationList;
			buildConfigurations = (
				0252B2EF142ADFC70018B75D /* Debug */,
				0252B2F0142ADFC70018B75D /* Release */,
			);
			defaultConfigurationIsVisible = 0;
			defaultConfigurationName = Release;
		};
		0252B2F4142ADFC70018B75D /* Build configuration list for PBXNativeTarget "RaptureXMLTests" */ = {
			isa = XCConfigurationList;
			buildConfigurations = (
				0252B2F5142ADFC70018B75D /* Debug */,
				0252B2F6142ADFC70018B75D /* Release */,
			);
			defaultConfigurationIsVisible = 0;
			defaultConfigurationName = Release;
		};
		0DEB8EBC1467EC9B00024989 /* Build configuration list for PBXNativeTarget "RaptureXML" */ = {
			isa = XCConfigurationList;
			buildConfigurations = (
				0DEB8EBD1467EC9B00024989 /* Debug */,
				0DEB8EBE1467EC9B00024989 /* Release */,
			);
			defaultConfigurationIsVisible = 0;
			defaultConfigurationName = Release;
		};
/* End XCConfigurationList section */
	};
	rootObject = 0252B2B6142ADFC60018B75D /* Project object */;
}
